{
    "_readme": [
        "This file locks the dependencies of your project to a known state",
        "Read more about it at https://getcomposer.org/doc/01-basic-usage.md#composer-lock-the-lock-file",
        "This file is @generated automatically"
    ],
    "hash": "65bcb04f22eea775315e58ebf4816158",
    "content-hash": "a5e40b9c07b9fe3a7f5a3f8d99656b46",
    "packages": [
        {
            "name": "retailcrm/api-client-php",
            "version": "4.0.0",
            "source": {
                "type": "git",
                "url": "https://github.com/retailcrm/api-client-php.git",
                "reference": "49f253c228407774a9935383f9abafb1e715b745"
            },
            "dist": {
                "type": "zip",
                "url": "https://api.github.com/repos/retailcrm/api-client-php/zipball/49f253c228407774a9935383f9abafb1e715b745",
                "reference": "49f253c228407774a9935383f9abafb1e715b745",
                "shasum": ""
            },
            "require": {
                "ext-curl": "*",
                "php": ">=5.3.0"
            },
            "type": "library",
            "extra": {
                "branch-alias": {
                    "dev-master": "4.0.x-dev"
                }
            },
            "autoload": {
                "psr-0": {
                    "RetailCrm\\": "lib/"
                }
            },
            "notification-url": "https://packagist.org/downloads/",
            "license": [
                "MIT"
            ],
            "authors": [
                {
                    "name": "retailCRM",
                    "email": "support@retailcrm.pro"
                }
            ],
            "description": "PHP client for retailCRM API",
            "homepage": "http://www.retailcrm.pro/",
            "keywords": [
                "api",
                "rest",
                "retailCRM"
            ],
            "time": "2016-07-21 22:37:53"
        },
        {
            "name": "zadarma/user-api-v1",
            "version": "1.0.1",
            "source": {
                "type": "git",
                "url": "https://github.com/zadarma/user-api-v1.git",
                "reference": "ed187b095e2fbb492ce12a1a8cbacec67258aa93"
            },
            "dist": {
                "type": "zip",
                "url": "https://api.github.com/repos/zadarma/user-api-v1/zipball/ed187b095e2fbb492ce12a1a8cbacec67258aa93",
                "reference": "ed187b095e2fbb492ce12a1a8cbacec67258aa93",
                "shasum": ""
            },
            "type": "library",
            "autoload": {
                "psr-4": {
                    "Zadarma_API\\": "lib/"
                }
            },
            "notification-url": "https://packagist.org/downloads/",
            "license": [
                "MIT"
            ],
            "authors": [
                {
                    "name": "Zadarma",
                    "email": "github@zadarma.com"
                }
            ],
            "description": "PHP class for Zadarma API",
            "homepage": "https://github.com/zadarma/user-api-v1",
            "keywords": [
                "api",
                "free calls",
                "pbx",
                "sip",
                "zadarma"
            ],
            "time": "2016-06-23 08:52:02"
        }
    ],
    "packages-dev": [],
    "aliases": [],
    "minimum-stability": "stable",
    "stability-flags": [],
    "prefer-stable": false,
    "prefer-lowest": false,
    "platform": [],
    "platform-dev": []
}
