{
    "_readme": [
        "This file locks the dependencies of your project to a known state",
        "Read more about it at https://getcomposer.org/doc/01-basic-usage.md#composer-lock-the-lock-file",
        "This file is @generated automatically"
    ],
    "hash": "95f3252975ed2e2e3e49d3c7e1eac741",
    "content-hash": "e9fedad43ef4bb561132a8e1372b32fe",
    "packages": [
        {
            "name": "megaplan/simple_client",
            "version": "dev-master",
            "source": {
                "type": "git",
                "url": "https://github.com/megaplan/simple_client.git",
                "reference": "1197f608885ee26d7fa65d59e408a9ac22d6d4af"
            },
            "dist": {
                "type": "zip",
                "url": "https://api.github.com/repos/megaplan/simple_client/zipball/1197f608885ee26d7fa65d59e408a9ac22d6d4af",
                "reference": "1197f608885ee26d7fa65d59e408a9ac22d6d4af",
                "shasum": ""
            },
            "require-dev": {
                "phpunit/phpunit": "^5.4"
            },
            "type": "library",
            "autoload": {
                "psr-4": {
                    "Megaplan\\SimpleClient\\": "src/"
                }
            },
            "notification-url": "https://packagist.org/downloads/",
            "license": [
                "MIT"
            ],
            "authors": [
                {
                    "name": "megaplan",
                    "email": "dev@megaplan.ru"
                }
            ],
            "description": "Simple API client for Megaplan",
            "time": "2016-10-19 13:02:14"
        },
        {
            "name": "retailcrm/api-client-php",
            "version": "4.0.0",
            "source": {
                "type": "git",
                "url": "https://github.com/retailcrm/api-client-php.git",
                "reference": "49f253c228407774a9935383f9abafb1e715b745"
            },
            "dist": {
                "type": "zip",
                "url": "https://api.github.com/repos/retailcrm/api-client-php/zipball/49f253c228407774a9935383f9abafb1e715b745",
                "reference": "49f253c228407774a9935383f9abafb1e715b745",
                "shasum": ""
            },
            "require": {
                "ext-curl": "*",
                "php": ">=5.3.0"
            },
            "type": "library",
            "extra": {
                "branch-alias": {
                    "dev-master": "4.0.x-dev"
                }
            },
            "autoload": {
                "psr-0": {
                    "RetailCrm\\": "lib/"
                }
            },
            "notification-url": "https://packagist.org/downloads/",
            "license": [
                "MIT"
            ],
            "authors": [
                {
                    "name": "retailCRM",
                    "email": "support@retailcrm.pro"
                }
            ],
            "description": "PHP client for retailCRM API",
            "homepage": "http://www.retailcrm.pro/",
            "keywords": [
                "api",
                "rest",
                "retailCRM"
            ],
            "time": "2016-07-21 22:37:53"
        },
        {
            "name": "zadarma/user-api-v1",
            "version": "1.0.1",
            "source": {
                "type": "git",
                "url": "https://github.com/zadarma/user-api-v1.git",
                "reference": "ed187b095e2fbb492ce12a1a8cbacec67258aa93"
            },
            "dist": {
                "type": "zip",
                "url": "https://api.github.com/repos/zadarma/user-api-v1/zipball/ed187b095e2fbb492ce12a1a8cbacec67258aa93",
                "reference": "ed187b095e2fbb492ce12a1a8cbacec67258aa93",
                "shasum": ""
            },
            "type": "library",
            "autoload": {
                "psr-4": {
                    "Zadarma_API\\": "lib/"
                }
            },
            "notification-url": "https://packagist.org/downloads/",
            "license": [
                "MIT"
            ],
            "authors": [
                {
                    "name": "Zadarma",
                    "email": "github@zadarma.com"
                }
            ],
            "description": "PHP class for Zadarma API",
            "homepage": "https://github.com/zadarma/user-api-v1",
            "keywords": [
                "api",
                "free calls",
                "pbx",
                "sip",
                "zadarma"
            ],
            "time": "2016-06-23 08:52:02"
        }
    ],
    "packages-dev": [],
    "aliases": [],
    "minimum-stability": "stable",
    "stability-flags": {
        "megaplan/simple_client": 20
    },
    "prefer-stable": false,
    "prefer-lowest": false,
    "platform": [],
    "platform-dev": []
}
